{
    "_meta": {
        "hash": {
            "sha256": "1d2992370e6ed3fda05e66d2c4e4050151ce7ba70c9aa8591725ed0147c5ee47"
        },
        "pipfile-spec": 6,
        "requires": {
            "python_version": "3.6"
        },
        "sources": [
            {
                "name": "pypi",
                "url": "https://pypi.org/simple",
                "verify_ssl": true
            }
        ]
    },
    "default": {
        "beautifulsoup4": {
            "hashes": [
                "sha256:9a315ce70049920ea4572a4055bc4bd700c940521d36fc858205ad4fcde149bf",
                "sha256:c23ad23c521d818955a4151a67d81580319d4bf548d3d49f4223ae041ff98891"
            ],
            "markers": "python_version >= '3.1'",
            "version": "==4.10.0"
        },
        "bs4": {
            "hashes": [
                "sha256:36ecea1fd7cc5c0c6e4a1ff075df26d50da647b75376626cc186e2212886dd3a"
            ],
            "index": "pypi",
            "version": "==0.0.1"
        },
        "certifi": {
            "hashes": [
                "sha256:2bbf76fd432960138b3ef6dda3dde0544f27cbf8546c458e60baf371917ba9ee",
                "sha256:50b1e4f8446b06f41be7dd6338db18e0990601dce795c2b1686458aa7e8fa7d8"
            ],
            "version": "==2021.5.30"
        },
        "charset-normalizer": {
            "hashes": [
                "sha256:5d209c0a931f215cee683b6445e2d77677e7e75e159f78def0db09d68fafcaa6",
                "sha256:5ec46d183433dcbd0ab716f2d7f29d8dee50505b3fdb40c6b985c7c4f5a3591f"
            ],
            "markers": "python_version >= '3'",
            "version": "==2.0.6"
        },
        "click": {
            "hashes": [
                "sha256:8c04c11192119b1ef78ea049e0a6f0463e4c48ef00a30160c704337586f3ad7a",
                "sha256:fba402a4a47334742d782209a7c79bc448911afe1149d07bdabdf480b3e2f4b6"
            ],
            "markers": "python_version >= '3.6'",
            "version": "==8.0.1"
        },
        "dataclasses": {
            "hashes": [
                "sha256:0201d89fa866f68c8ebd9d08ee6ff50c0b255f8ec63a71c16fda7af82bb887bf",
                "sha256:8479067f342acf957dc82ec415d355ab5edb7e7646b90dc6e2fd1d96ad084c97"
            ],
            "markers": "python_version >= '3.6' and python_version < '3.7'",
            "version": "==0.8"
        },
        "django": {
            "hashes": [
                "sha256:275bec66fd2588dd517ada59b8bfb23d4a9abc5a362349139ddda3c7ff6f5ade",
                "sha256:939652e9d34d7d53d74d5d8ef82a19e5f8bb2de75618f7e5360691b6e9667963"
            ],
            "index": "pypi",
            "version": "==2.1.7"
        },
        "django-cors-headers": {
            "hashes": [
                "sha256:5545009c9b233ea7e70da7dbab7cb1c12afa01279895086f98ec243d7eab46fa",
                "sha256:c4c2ee97139d18541a1be7d96fe337d1694623816d83f53cb7c00da9b94acae1"
            ],
            "index": "pypi",
            "version": "==2.4.0"
        },
        "django-filter": {
            "hashes": [
                "sha256:3dafb7d2810790498895c22a1f31b2375795910680ac9c1432821cbedb1e176d",
                "sha256:a3014de317bef0cd43075a0f08dfa1d319a7ccc5733c3901fb860da70b0dda68"
            ],
            "index": "pypi",
            "version": "==2.1.0"
        },
        "djangorestframework": {
            "hashes": [
                "sha256:79c6efbb2514bc50cf25906d7c0a5cfead714c7af667ff4bd110312cd380ae66",
                "sha256:a4138613b67e3a223be6c97f53b13d759c5b90d2b433bad670b8ebf95402075f"
            ],
            "index": "pypi",
            "version": "==3.9.1"
        },
        "djongo": {
            "hashes": [
                "sha256:4479bf78e5a6aba0632006e7b3d691f448b46c98b30e68be7a282d0204191513",
                "sha256:63d4637500d2c9f066a84ac1a29bfa5f0d7a0b453c577b34d6fb4690ff101dc5"
            ],
            "index": "pypi",
            "version": "==1.2.31"
        },
        "googletrans": {
            "hashes": [
                "sha256:bb4e2a6ee72a24870e696a14238b7305f855a05206ecae10bd50052651984cc5"
            ],
            "index": "pypi",
            "version": "==2.4.0"
        },
        "idna": {
            "hashes": [
                "sha256:14475042e284991034cb48e06f6851428fb14c4dc953acd9be9a5e95c7b6dd7a",
                "sha256:467fbad99067910785144ce333826c71fb0e63a425657295239737f7ecd125f3"
            ],
            "markers": "python_version >= '3'",
            "version": "==3.2"
        },
        "importlib-metadata": {
            "hashes": [
                "sha256:b618b6d2d5ffa2f16add5697cf57a46c76a56229b0ed1c438322e4e95645bd15",
                "sha256:f284b3e11256ad1e5d03ab86bb2ccd6f5339688ff17a4d797a0fe7df326f23b1"
            ],
            "markers": "python_version < '3.8'",
            "version": "==4.8.1"
        },
        "joblib": {
            "hashes": [
                "sha256:9c17567692206d2f3fb9ecf5e991084254fe631665c450b443761c4186a613f7",
                "sha256:feeb1ec69c4d45129954f1b7034954241eedfd6ba39b5e9e4b6883be3332d5e5"
            ],
            "markers": "python_version >= '3.6'",
            "version": "==1.0.1"
        },
        "markdown": {
            "hashes": [
                "sha256:c00429bd503a47ec88d5e30a751e147dcb4c6889663cd3e2ba0afe858e009baa",
                "sha256:d02e0f9b04c500cde6637c11ad7c72671f359b87b9fe924b2383649d8841db7c"
            ],
            "index": "pypi",
            "version": "==3.0.1"
        },
        "nltk": {
            "hashes": [
                "sha256:5db64a976e88cef0db9200c7f25aeceba8a86efbe09cc824f01a6d3163f7e937",
                "sha256:665225d585367f64a73ff1cb436964b425304dc772406653412e19dfe0157688"
            ],
            "index": "pypi",
            "version": "==3.6.3"
        },
        "pillow": {
            "hashes": [
                "sha256:01a501be4ae05fd714d269cb9c9f145518e58e73faa3f140ddb67fae0c2607b1",
                "sha256:051de330a06c99d6f84bcf582960487835bcae3fc99365185dc2d4f65a390c0e",
                "sha256:07c35919f983c2c593498edcc126ad3a94154184899297cc9d27a6587672cbaa",
                "sha256:0ae5289948c5e0a16574750021bd8be921c27d4e3527800dc9c2c1d2abc81bf7",
                "sha256:0b1efce03619cdbf8bcc61cfae81fcda59249a469f31c6735ea59badd4a6f58a",
                "sha256:0cf0208500df8d0c3cad6383cd98a2d038b0678fd4f777a8f7e442c5faeee81d",
                "sha256:163136e09bd1d6c6c6026b0a662976e86c58b932b964f255ff384ecc8c3cefa3",
                "sha256:18e912a6ccddf28defa196bd2021fe33600cbe5da1aa2f2e2c6df15f720b73d1",
                "sha256:24ec3dea52339a610d34401d2d53d0fb3c7fd08e34b20c95d2ad3973193591f1",
                "sha256:267f8e4c0a1d7e36e97c6a604f5b03ef58e2b81c1becb4fccecddcb37e063cc7",
                "sha256:3273a28734175feebbe4d0a4cde04d4ed20f620b9b506d26f44379d3c72304e1",
                "sha256:39fbd5d62167197318a0371b2a9c699ce261b6800bb493eadde2ba30d868fe8c",
                "sha256:4132c78200372045bb348fcad8d52518c8f5cfc077b1089949381ee4a61f1c6d",
                "sha256:4baab2d2da57b0d9d544a2ce0f461374dd90ccbcf723fe46689aff906d43a964",
                "sha256:4c678e23006798fc8b6f4cef2eaad267d53ff4c1779bd1af8725cc11b72a63f3",
                "sha256:4d4bc2e6bb6861103ea4655d6b6f67af8e5336e7216e20fff3e18ffa95d7a055",
                "sha256:505738076350a337c1740a31646e1de09a164c62c07db3b996abdc0f9d2e50cf",
                "sha256:5233664eadfa342c639b9b9977190d64ad7aca4edc51a966394d7e08e7f38a9f",
                "sha256:52e2e56fc3706d8791761a157115dc8391319720ad60cc32992350fda74b6be2",
                "sha256:5337ac3280312aa065ed0a8ec1e4b6142e9f15c31baed36b5cd964745853243f",
                "sha256:5ccd97e0f01f42b7e35907272f0f8ad2c3660a482d799a0c564c7d50e83604d4",
                "sha256:5d95cb9f6cced2628f3e4de7e795e98b2659dfcc7176ab4a01a8b48c2c2f488f",
                "sha256:634209852cc06c0c1243cc74f8fdc8f7444d866221de51125f7b696d775ec5ca",
                "sha256:75d1f20bd8072eff92c5f457c266a61619a02d03ece56544195c56d41a1a0522",
                "sha256:7eda4c737637af74bac4b23aa82ea6fbb19002552be85f0b89bc27e3a762d239",
                "sha256:801ddaa69659b36abf4694fed5aa9f61d1ecf2daaa6c92541bbbbb775d97b9fe",
                "sha256:825aa6d222ce2c2b90d34a0ea31914e141a85edefc07e17342f1d2fdf121c07c",
                "sha256:87fe838f9dac0597f05f2605c0700b1926f9390c95df6af45d83141e0c514bd9",
                "sha256:9c215442ff8249d41ff58700e91ef61d74f47dfd431a50253e1a1ca9436b0697",
                "sha256:a3d90022f2202bbb14da991f26ca7a30b7e4c62bf0f8bf9825603b22d7e87494",
                "sha256:a631fd36a9823638fe700d9225f9698fb59d049c942d322d4c09544dc2115356",
                "sha256:a6523a23a205be0fe664b6b8747a5c86d55da960d9586db039eec9f5c269c0e6",
                "sha256:a756ecf9f4b9b3ed49a680a649af45a8767ad038de39e6c030919c2f443eb000",
                "sha256:ac036b6a6bac7010c58e643d78c234c2f7dc8bb7e591bd8bc3555cf4b1527c28",
                "sha256:b117287a5bdc81f1bac891187275ec7e829e961b8032c9e5ff38b70fd036c78f",
                "sha256:ba04f57d1715ca5ff74bb7f8a818bf929a204b3b3c2c2826d1e1cc3b1c13398c",
                "sha256:ba6ef2bd62671c7fb9cdb3277414e87a5cd38b86721039ada1464f7452ad30b2",
                "sha256:c8939dba1a37960a502b1a030a4465c46dd2c2bca7adf05fa3af6bea594e720e",
                "sha256:cd878195166723f30865e05d87cbaf9421614501a4bd48792c5ed28f90fd36ca",
                "sha256:cee815cc62d136e96cf76771b9d3eb58e0777ec18ea50de5cfcede8a7c429aa8",
                "sha256:d1722b7aa4b40cf93ac3c80d3edd48bf93b9208241d166a14ad8e7a20ee1d4f3",
                "sha256:d7c1c06246b05529f9984435fc4fa5a545ea26606e7f450bdbe00c153f5aeaad",
                "sha256:db418635ea20528f247203bf131b40636f77c8209a045b89fa3badb89e1fcea0",
                "sha256:e1555d4fda1db8005de72acf2ded1af660febad09b4708430091159e8ae1963e",
                "sha256:e9c8066249c040efdda84793a2a669076f92a301ceabe69202446abb4c5c5ef9",
                "sha256:e9f13711780c981d6eadd6042af40e172548c54b06266a1aabda7de192db0838",
                "sha256:f0e3288b92ca5dbb1649bd00e80ef652a72b657dc94989fa9c348253d179054b",
                "sha256:f227d7e574d050ff3996049e086e1f18c7bd2d067ef24131e50a1d3fe5831fbc",
                "sha256:f62b1aeb5c2ced8babd4fbba9c74cbef9de309f5ed106184b12d9778a3971f15",
                "sha256:f71ff657e63a9b24cac254bb8c9bd3c89c7a1b5e00ee4b3997ca1c18100dac28",
                "sha256:fc9a12aad714af36cf3ad0275a96a733526571e52710319855628f476dcb144e"
            ],
            "index": "pypi",
            "version": "==5.4.1"
        },
        "pymongo": {
            "hashes": [
                "sha256:025f94fc1e1364f00e50badc88c47f98af20012f23317234e51a11333ef986e6",
                "sha256:02aa7fb282606331aefbc0586e2cf540e9dbe5e343493295e7f390936ad2738e",
                "sha256:057210e831573e932702cf332012ed39da78edf0f02d24a3f0b213264a87a397",
                "sha256:0d946b79c56187fe139276d4c8ed612a27a616966c8b9779d6b79e2053587c8b",
                "sha256:104790893b928d310aae8a955e0bdbaa442fb0ac0a33d1bbb0741c791a407778",
                "sha256:15527ef218d95a8717486106553b0d54ff2641e795b65668754e17ab9ca6e381",
                "sha256:164d02c7b1b5e27bf1da581a334762cf66df4a105d7faf46910cfc104ed255e4",
                "sha256:1826527a0b032f6e20e7ac7f72d7c26dd476a5e5aa82c04aa1c7088a59fded7d",
                "sha256:22e3aa4ce1c3eebc7f70f9ca7fd4ce1ea33e8bdb7b61996806cd312f08f84a3a",
                "sha256:244e1101e9a48615b9a16cbd194f73c115fdfefc96894803158608115f703b26",
                "sha256:24b8c04fdb633a84829d03909752c385faef249c06114cc8d8e1700b95aae5c8",
                "sha256:2c276696350785d3104412cbe3ac70ab1e3a10c408e7b20599ee41403a3ed630",
                "sha256:2d8474dc833b1182b651b184ace997a7bd83de0f51244de988d3c30e49f07de3",
                "sha256:3119b57fe1d964781e91a53e81532c85ed1701baaddec592e22f6b77a9fdf3df",
                "sha256:3bee8e7e0709b0fcdaa498a3e513bde9ffc7cd09dbceb11e425bd91c89dbd5b6",
                "sha256:436c071e01a464753d30dbfc8768dd93aecf2a8e378e5314d130b95e77b4d612",
                "sha256:46635e3f19ad04d5a7d7cf23d232388ddbfccf46d9a3b7436b6abadda4e84813",
                "sha256:4772e0b679717e7ac4608d996f57b6f380748a919b457cb05bb941467b888b22",
                "sha256:4e2cd80e16f481a62c3175b607373200e714ed29025f21559ebf7524f295689f",
                "sha256:52732960efa0e003ca1c092dc0a3c65276e897681287a788a01ca78dda3b41f0",
                "sha256:55a7de51ec7d1731b2431886d0349146645f2816e5b8eb982d7c49f89472c9f3",
                "sha256:5f8ed5934197a2d4b2087646e98de3e099a237099dcf498b9e38dd3465f74ef4",
                "sha256:64b064124fcbc8eb04a155117dc4d9a336e3cda3f069958fbc44fe70c3c3d1e9",
                "sha256:65958b8e4319f992e85dad59d8081888b97fcdbde5f0d14bc28f2848b92d3ef1",
                "sha256:6be7f7302487c4d456ff8b58a1e31dd3e3c844189f5b892ef23310e0abf0db7b",
                "sha256:7683428862e20c6a790c19e64f8ccf487f613fbc83d47e3d532df9c81668d451",
                "sha256:78566d5570c75a127c2491e343dc006798a384f06be588fe9b0cbe5595711559",
                "sha256:7d1cb00c093dbf1d0b16ccf123e79dee3b82608e4a2a88947695f0460eef13ff",
                "sha256:8c74e2a9b594f7962c62cef7680a4cb92a96b4e6e3c2f970790da67cc0213a7e",
                "sha256:8e60aa7699170f55f4b0f56ee6f8415229777ac7e4b4b1aa41fc61eec08c1f1d",
                "sha256:90e40fbe59e3c223ac689b0537a5df1ab431c19741a2b42240b88cc672d083aa",
                "sha256:9447b561529576d89d3bf973e5241a88cf76e45bd101963f5236888713dea774",
                "sha256:970055bfeb0be373f2f5299a3db8432444bad3bc2f198753ee6c2a3a781e0959",
                "sha256:a6344b8542e584e140dc3c651d68bde51270e79490aa9320f9e708f9b2c39bd5",
                "sha256:ce309ca470d747b02ba6069d286a17b7df8e9c94d10d727d9cf3a64e51d85184",
                "sha256:cfbd86ed4c2b2ac71bbdbcea6669bf295def7152e3722ddd9dda94ac7981f33d",
                "sha256:d7929c513732dff093481f4a0954ed5ff16816365842136b17caa0b4992e49d3",
                "sha256:e21180042aaa9589471c27f0cc1e38868abeaa59f988877fa129f3b5efdf6bfb",
                "sha256:e98a9d2c590bc5a5e84f32430d2dc1fcc549d0a150a613bae6eadb5ef7c20465"
            ],
            "index": "pypi",
            "version": "==3.7.2"
        },
        "python-resize-image": {
            "hashes": [
                "sha256:1831c00c805d93108420add8884d5238148a8260f3ba8c46a07de45b122e645d",
                "sha256:885ad37445ad131769650efd7e9c1daa76f65df6f82b8355613868d489b89811"
            ],
            "index": "pypi",
            "version": "==1.1.18"
        },
        "pytz": {
            "hashes": [
                "sha256:83a4a90894bf38e243cf052c8b58f381bfe9a7a483f6a9cab140bc7f702ac4da",
                "sha256:eb10ce3e7736052ed3623d49975ce333bcd712c7bb19a58b9e2089d4057d0798"
            ],
            "version": "==2021.1"
        },
        "regex": {
            "hashes": [
                "sha256:0628ed7d6334e8f896f882a5c1240de8c4d9b0dd7c7fb8e9f4692f5684b7d656",
                "sha256:09eb62654030f39f3ba46bc6726bea464069c29d00a9709e28c9ee9623a8da4a",
                "sha256:0bba1f6df4eafe79db2ecf38835c2626dbd47911e0516f6962c806f83e7a99ae",
                "sha256:10a7a9cbe30bd90b7d9a1b4749ef20e13a3528e4215a2852be35784b6bd070f0",
                "sha256:17310b181902e0bb42b29c700e2c2346b8d81f26e900b1328f642e225c88bce1",
                "sha256:1e8d1898d4fb817120a5f684363b30108d7b0b46c7261264b100d14ec90a70e7",
                "sha256:2054dea683f1bda3a804fcfdb0c1c74821acb968093d0be16233873190d459e3",
                "sha256:29385c4dbb3f8b3a55ce13de6a97a3d21bd00de66acd7cdfc0b49cb2f08c906c",
                "sha256:295bc8a13554a25ad31e44c4bedabd3c3e28bba027e4feeb9bb157647a2344a7",
                "sha256:2cdb3789736f91d0b3333ac54d12a7e4f9efbc98f53cb905d3496259a893a8b3",
                "sha256:3baf3eaa41044d4ced2463fd5d23bf7bd4b03d68739c6c99a59ce1f95599a673",
                "sha256:4e61100200fa6ab7c99b61476f9f9653962ae71b931391d0264acfb4d9527d9c",
                "sha256:6266fde576e12357b25096351aac2b4b880b0066263e7bc7a9a1b4307991bb0e",
                "sha256:650c4f1fc4273f4e783e1d8e8b51a3e2311c2488ba0fcae6425b1e2c248a189d",
                "sha256:658e3477676009083422042c4bac2bdad77b696e932a3de001c42cc046f8eda2",
                "sha256:6adc1bd68f81968c9d249aab8c09cdc2cbe384bf2d2cb7f190f56875000cdc72",
                "sha256:6c4d83d21d23dd854ffbc8154cf293f4e43ba630aa9bd2539c899343d7f59da3",
                "sha256:6f74b6d8f59f3cfb8237e25c532b11f794b96f5c89a6f4a25857d85f84fbef11",
                "sha256:7783d89bd5413d183a38761fbc68279b984b9afcfbb39fa89d91f63763fbfb90",
                "sha256:7e3536f305f42ad6d31fc86636c54c7dafce8d634e56fef790fbacb59d499dd5",
                "sha256:821e10b73e0898544807a0692a276e539e5bafe0a055506a6882814b6a02c3ec",
                "sha256:835962f432bce92dc9bf22903d46c50003c8d11b1dc64084c8fae63bca98564a",
                "sha256:85c61bee5957e2d7be390392feac7e1d7abd3a49cbaed0c8cee1541b784c8561",
                "sha256:86f9931eb92e521809d4b64ec8514f18faa8e11e97d6c2d1afa1bcf6c20a8eab",
                "sha256:8a5c2250c0a74428fd5507ae8853706fdde0f23bfb62ee1ec9418eeacf216078",
                "sha256:8aec4b4da165c4a64ea80443c16e49e3b15df0f56c124ac5f2f8708a65a0eddc",
                "sha256:8c268e78d175798cd71d29114b0a1f1391c7d011995267d3b62319ec1a4ecaa1",
                "sha256:8d80087320632457aefc73f686f66139801959bf5b066b4419b92be85be3543c",
                "sha256:95e89a8558c8c48626dcffdf9c8abac26b7c251d352688e7ab9baf351e1c7da6",
                "sha256:9c371dd326289d85906c27ec2bc1dcdedd9d0be12b543d16e37bad35754bde48",
                "sha256:9c7cb25adba814d5f419733fe565f3289d6fa629ab9e0b78f6dff5fa94ab0456",
                "sha256:a731552729ee8ae9c546fb1c651c97bf5f759018fdd40d0e9b4d129e1e3a44c8",
                "sha256:aea4006b73b555fc5bdb650a8b92cf486d678afa168cf9b38402bb60bf0f9c18",
                "sha256:b0e3f59d3c772f2c3baaef2db425e6fc4149d35a052d874bb95ccfca10a1b9f4",
                "sha256:b15dc34273aefe522df25096d5d087abc626e388a28a28ac75a4404bb7668736",
                "sha256:c000635fd78400a558bd7a3c2981bb2a430005ebaa909d31e6e300719739a949",
                "sha256:c31f35a984caffb75f00a86852951a337540b44e4a22171354fb760cefa09346",
                "sha256:c50a6379763c733562b1fee877372234d271e5c78cd13ade5f25978aa06744db",
                "sha256:c94722bf403b8da744b7d0bb87e1f2529383003ceec92e754f768ef9323f69ad",
                "sha256:dcbbc9cfa147d55a577d285fd479b43103188855074552708df7acc31a476dd9",
                "sha256:fb9f5844db480e2ef9fce3a72e71122dd010ab7b2920f777966ba25f7eb63819"
            ],
            "version": "==2021.9.24"
        },
        "requests": {
            "hashes": [
                "sha256:6c1246513ecd5ecd4528a0906f910e8f0f9c6b8ec72030dc9fd154dc1a6efd24",
                "sha256:b8aa58f8cf793ffd8782d3d8cb19e66ef36f7aba4353eec859e74678b01b07a7"
            ],
            "markers": "python_version >= '2.7' and python_version not in '3.0, 3.1, 3.2, 3.3, 3.4, 3.5'",
            "version": "==2.26.0"
        },
        "soupsieve": {
            "hashes": [
                "sha256:052774848f448cf19c7e959adf5566904d525f33a3f8b6ba6f6f8f26ec7de0cc",
                "sha256:c2c1c2d44f158cdbddab7824a9af8c4f83c76b1e23e049479aa432feb6c4c23b"
            ],
            "markers": "python_version >= '3.6'",
            "version": "==2.2.1"
        },
        "sqlparse": {
            "hashes": [
                "sha256:0c00730c74263a94e5a9919ade150dfc3b19c574389985446148402998287dae",
                "sha256:48719e356bb8b42991bdbb1e8b83223757b93789c00910a616a071910ca4a64d"
            ],
            "markers": "python_version >= '3.5'",
            "version": "==0.4.2"
        },
        "tqdm": {
            "hashes": [
                "sha256:8dd278a422499cd6b727e6ae4061c40b48fce8b76d1ccbf5d34fca9b7f925b0c",
                "sha256:d359de7217506c9851b7869f3708d8ee53ed70a1b8edbba4dbcb47442592920d"
            ],
            "markers": "python_version >= '2.7' and python_version not in '3.0, 3.1, 3.2, 3.3'",
            "version": "==4.62.3"
        },
        "typing-extensions": {
            "hashes": [
                "sha256:49f75d16ff11f1cd258e1b988ccff82a3ca5570217d7ad8c5f48205dd99a677e",
                "sha256:d8226d10bc02a29bcc81df19a26e56a9647f8b0a6d4a83924139f4a8b01f17b7",
                "sha256:f1d25edafde516b146ecd0613dabcc61409817af4766fbbcfb8d1ad4ec441a34"
            ],
            "markers": "python_version < '3.8'",
            "version": "==3.10.0.2"
        },
        "urllib3": {
            "hashes": [
                "sha256:61bf29cada3fc2fbefad4fdf059ea4bd1b4a86d2b6d15e1c7c0b582b9752fe39",
                "sha256:de9529817c93f27c8ccbfead6985011db27bd0ddfcdb2d86f3f663385c6a9c22"
            ],
            "index": "pypi",
            "version": "==1.24.1"
        },
        "zipp": {
            "hashes": [
                "sha256:71c644c5369f4a6e07636f0aa966270449561fcea2e3d6747b8d23efaa9d7832",
                "sha256:9fe5ea21568a0a70e50f273397638d39b03353731e6cbbb3fd8502a33fec40bc"
            ],
            "markers": "python_version >= '3.6'",
            "version": "==3.6.0"
        }
    },
    "develop": {}
}
